
Microsoft Visual Studio Solution File, Format Version 12.00
# Visual Studio Version 17
VisualStudioVersion = 17.1.32210.238
MinimumVisualStudioVersion = 10.0.40219.1
Project("{9A19103F-16F7-4668-BE54-9A1E7A4F7556}") = "Flow", "Flow\Flow.csproj", "{1534CFA0-CD0E-443F-BF15-FFE74234153B}"
EndProject
Project("{9A19103F-16F7-4668-BE54-9A1E7A4F7556}") = "Flow.Local", "Flow.Local\Flow.Local.csproj", "{D9E1C960-A04B-4EF8-B8BC-A1515B1BF299}"
EndProject
Project("{9A19103F-16F7-4668-BE54-9A1E7A4F7556}") = "Flow.Lambda", "Flow.Lambda\Flow.Lambda.csproj", "{0FBA940C-6F73-4C55-8D34-58C4349273A6}"
EndProject
Global
	GlobalSection(SolutionConfigurationPlatforms) = preSolution
		Debug|Any CPU = Debug|Any CPU
		Release|Any CPU = Release|Any CPU
	EndGlobalSection
	GlobalSection(ProjectConfigurationPlatforms) = postSolution
		{1534CFA0-CD0E-443F-BF15-FFE74234153B}.Debug|Any CPU.ActiveCfg = Debug|Any CPU
		{1534CFA0-CD0E-443F-BF15-FFE74234153B}.Debug|Any CPU.Build.0 = Debug|Any CPU
		{1534CFA0-CD0E-443F-BF15-FFE74234153B}.Release|Any CPU.ActiveCfg = Release|Any CPU
		{1534CFA0-CD0E-443F-BF15-FFE74234153B}.Release|Any CPU.Build.0 = Release|Any CPU
		{D9E1C960-A04B-4EF8-B8BC-A1515B1BF299}.Debug|Any CPU.ActiveCfg = Debug|Any CPU
		{D9E1C960-A04B-4EF8-B8BC-A1515B1BF299}.Debug|Any CPU.Build.0 = Debug|Any CPU
		{D9E1C960-A04B-4EF8-B8BC-A1515B1BF299}.Release|Any CPU.ActiveCfg = Release|Any CPU
		{D9E1C960-A04B-4EF8-B8BC-A1515B1BF299}.Release|Any CPU.Build.0 = Release|Any CPU
		{0FBA940C-6F73-4C55-8D34-58C4349273A6}.Debug|Any CPU.ActiveCfg = Debug|Any CPU
		{0FBA940C-6F73-4C55-8D34-58C4349273A6}.Debug|Any CPU.Build.0 = Debug|Any CPU
		{0FBA940C-6F73-4C55-8D34-58C4349273A6}.Release|Any CPU.ActiveCfg = Release|Any CPU
		{0FBA940C-6F73-4C55-8D34-58C4349273A6}.Release|Any CPU.Build.0 = Release|Any CPU
	EndGlobalSection
	GlobalSection(SolutionProperties) = preSolution
		HideSolutionNode = FALSE
	EndGlobalSection
	GlobalSection(ExtensibilityGlobals) = postSolution
		SolutionGuid = {C676410A-AA19-4788-81CC-879F4870F8DE}
	EndGlobalSection
EndGlobal
